
Microsoft Visual Studio Solution File, Format Version 11.00
# Visual C++ Express 2010
Project("{8BC9CEB8-8B4A-11D0-8D11-00A0C91BC942}") = "ch5-ex11", "ch5-ex11\ch5-ex11.vcxproj", "{782E517B-70B2-477B-AE23-88653535D2C3}"
EndProject
Global
	GlobalSection(SolutionConfigurationPlatforms) = preSolution
		Debug|Win32 = Debug|Win32
		Release|Win32 = Release|Win32
	EndGlobalSection
	GlobalSection(ProjectConfigurationPlatforms) = postSolution
		{782E517B-70B2-477B-AE23-88653535D2C3}.Debug|Win32.ActiveCfg = Debug|Win32
		{782E517B-70B2-477B-AE23-88653535D2C3}.Debug|Win32.Build.0 = Debug|Win32
		{782E517B-70B2-477B-AE23-88653535D2C3}.Release|Win32.ActiveCfg = Release|Win32
		{782E517B-70B2-477B-AE23-88653535D2C3}.Release|Win32.Build.0 = Release|Win32
	EndGlobalSection
	GlobalSection(SolutionProperties) = preSolution
		HideSolutionNode = FALSE
	EndGlobalSection
EndGlobal
