
Microsoft Visual Studio Solution File, Format Version 11.00
# Visual C++ Express 2010
Project("{8BC9CEB8-8B4A-11D0-8D11-00A0C91BC942}") = "ch6-11", "ch6-11\ch6-11.vcxproj", "{4C7B2FF1-D8C9-478D-9FB7-6AC4280CFCBF}"
EndProject
Global
	GlobalSection(SolutionConfigurationPlatforms) = preSolution
		Debug|Win32 = Debug|Win32
		Release|Win32 = Release|Win32
	EndGlobalSection
	GlobalSection(ProjectConfigurationPlatforms) = postSolution
		{4C7B2FF1-D8C9-478D-9FB7-6AC4280CFCBF}.Debug|Win32.ActiveCfg = Debug|Win32
		{4C7B2FF1-D8C9-478D-9FB7-6AC4280CFCBF}.Debug|Win32.Build.0 = Debug|Win32
		{4C7B2FF1-D8C9-478D-9FB7-6AC4280CFCBF}.Release|Win32.ActiveCfg = Release|Win32
		{4C7B2FF1-D8C9-478D-9FB7-6AC4280CFCBF}.Release|Win32.Build.0 = Release|Win32
	EndGlobalSection
	GlobalSection(SolutionProperties) = preSolution
		HideSolutionNode = FALSE
	EndGlobalSection
EndGlobal
