
Microsoft Visual Studio Solution File, Format Version 11.00
# Visual C++ Express 2010
Project("{8BC9CEB8-8B4A-11D0-8D11-00A0C91BC942}") = "ch8-ex8", "ch8-ex8\ch8-ex8.vcxproj", "{6324CBC4-DF33-490C-9104-0C7E4F1E6AA0}"
EndProject
Global
	GlobalSection(SolutionConfigurationPlatforms) = preSolution
		Debug|Win32 = Debug|Win32
		Release|Win32 = Release|Win32
	EndGlobalSection
	GlobalSection(ProjectConfigurationPlatforms) = postSolution
		{6324CBC4-DF33-490C-9104-0C7E4F1E6AA0}.Debug|Win32.ActiveCfg = Debug|Win32
		{6324CBC4-DF33-490C-9104-0C7E4F1E6AA0}.Debug|Win32.Build.0 = Debug|Win32
		{6324CBC4-DF33-490C-9104-0C7E4F1E6AA0}.Release|Win32.ActiveCfg = Release|Win32
		{6324CBC4-DF33-490C-9104-0C7E4F1E6AA0}.Release|Win32.Build.0 = Release|Win32
	EndGlobalSection
	GlobalSection(SolutionProperties) = preSolution
		HideSolutionNode = FALSE
	EndGlobalSection
EndGlobal
