
Microsoft Visual Studio Solution File, Format Version 11.00
# Visual C++ Express 2010
Project("{8BC9CEB8-8B4A-11D0-8D11-00A0C91BC942}") = "ch9-ex5", "ch9-ex5\ch9-ex5.vcxproj", "{061C2924-9425-403A-8EBC-83F62214423B}"
EndProject
Global
	GlobalSection(SolutionConfigurationPlatforms) = preSolution
		Debug|Win32 = Debug|Win32
		Release|Win32 = Release|Win32
	EndGlobalSection
	GlobalSection(ProjectConfigurationPlatforms) = postSolution
		{061C2924-9425-403A-8EBC-83F62214423B}.Debug|Win32.ActiveCfg = Debug|Win32
		{061C2924-9425-403A-8EBC-83F62214423B}.Debug|Win32.Build.0 = Debug|Win32
		{061C2924-9425-403A-8EBC-83F62214423B}.Release|Win32.ActiveCfg = Release|Win32
		{061C2924-9425-403A-8EBC-83F62214423B}.Release|Win32.Build.0 = Release|Win32
	EndGlobalSection
	GlobalSection(SolutionProperties) = preSolution
		HideSolutionNode = FALSE
	EndGlobalSection
EndGlobal
